
Microsoft Visual Studio Solution File, Format Version 12.00
Project("{FAE04EC0-301F-11D3-BF4B-00C04F79EFBC}") = "Auctions.Domain", "Auctions.Domain\Auctions.Domain.csproj", "{D8814E76-7D96-4C1F-8771-D528270562B9}"
EndProject
Project("{FAE04EC0-301F-11D3-BF4B-00C04F79EFBC}") = "Auctions.Applications", "Auctions.Applications\Auctions.Applications.csproj", "{97F1E621-C24F-4480-BA1F-5FEEE00C7238}"
EndProject
Project("{FAE04EC0-301F-11D3-BF4B-00C04F79EFBC}") = "Auctions.Infrastructure", "Auctions.Infrastructure\Auctions.Infrastructure.csproj", "{CCBA8F37-8908-431D-B6E7-9A95F64AA821}"
EndProject
Project("{FAE04EC0-301F-11D3-BF4B-00C04F79EFBC}") = "Auctions.Database", "Auctions.Database\Auctions.Database.csproj", "{7C7D3DEA-E620-4B90-BCA4-182804BC3C7A}"
EndProject
Project("{FAE04EC0-301F-11D3-BF4B-00C04F79EFBC}") = "Auctions", "Auctions\Auctions.csproj", "{98302B52-7B70-4485-B9E3-671CB179FB9E}"
EndProject
Global
	GlobalSection(SolutionConfigurationPlatforms) = preSolution
		Debug|Any CPU = Debug|Any CPU
		Release|Any CPU = Release|Any CPU
	EndGlobalSection
	GlobalSection(ProjectConfigurationPlatforms) = postSolution
		{D8814E76-7D96-4C1F-8771-D528270562B9}.Debug|Any CPU.ActiveCfg = Debug|Any CPU
		{D8814E76-7D96-4C1F-8771-D528270562B9}.Debug|Any CPU.Build.0 = Debug|Any CPU
		{D8814E76-7D96-4C1F-8771-D528270562B9}.Release|Any CPU.ActiveCfg = Release|Any CPU
		{D8814E76-7D96-4C1F-8771-D528270562B9}.Release|Any CPU.Build.0 = Release|Any CPU
		{97F1E621-C24F-4480-BA1F-5FEEE00C7238}.Debug|Any CPU.ActiveCfg = Debug|Any CPU
		{97F1E621-C24F-4480-BA1F-5FEEE00C7238}.Debug|Any CPU.Build.0 = Debug|Any CPU
		{97F1E621-C24F-4480-BA1F-5FEEE00C7238}.Release|Any CPU.ActiveCfg = Release|Any CPU
		{97F1E621-C24F-4480-BA1F-5FEEE00C7238}.Release|Any CPU.Build.0 = Release|Any CPU
		{CCBA8F37-8908-431D-B6E7-9A95F64AA821}.Debug|Any CPU.ActiveCfg = Debug|Any CPU
		{CCBA8F37-8908-431D-B6E7-9A95F64AA821}.Debug|Any CPU.Build.0 = Debug|Any CPU
		{CCBA8F37-8908-431D-B6E7-9A95F64AA821}.Release|Any CPU.ActiveCfg = Release|Any CPU
		{CCBA8F37-8908-431D-B6E7-9A95F64AA821}.Release|Any CPU.Build.0 = Release|Any CPU
		{7C7D3DEA-E620-4B90-BCA4-182804BC3C7A}.Debug|Any CPU.ActiveCfg = Debug|Any CPU
		{7C7D3DEA-E620-4B90-BCA4-182804BC3C7A}.Debug|Any CPU.Build.0 = Debug|Any CPU
		{7C7D3DEA-E620-4B90-BCA4-182804BC3C7A}.Release|Any CPU.ActiveCfg = Release|Any CPU
		{7C7D3DEA-E620-4B90-BCA4-182804BC3C7A}.Release|Any CPU.Build.0 = Release|Any CPU
		{98302B52-7B70-4485-B9E3-671CB179FB9E}.Debug|Any CPU.ActiveCfg = Debug|Any CPU
		{98302B52-7B70-4485-B9E3-671CB179FB9E}.Debug|Any CPU.Build.0 = Debug|Any CPU
		{98302B52-7B70-4485-B9E3-671CB179FB9E}.Release|Any CPU.ActiveCfg = Release|Any CPU
		{98302B52-7B70-4485-B9E3-671CB179FB9E}.Release|Any CPU.Build.0 = Release|Any CPU
	EndGlobalSection
EndGlobal
